
Microsoft Visual Studio Solution File, Format Version 12.00
# Visual Studio 15
VisualStudioVersion = 15.0.27428.2015
MinimumVisualStudioVersion = 10.0.40219.1
Project("{FAE04EC0-301F-11D3-BF4B-00C04F79EFBC}") = "DDDExample", "DDDExample\DDDExample.csproj", "{BC1E0701-6FDD-4D17-8C4B-FE795471A9FE}"
EndProject
Global
	GlobalSection(SolutionConfigurationPlatforms) = preSolution
		Debug|Any CPU = Debug|Any CPU
		Release|Any CPU = Release|Any CPU
	EndGlobalSection
	GlobalSection(ProjectConfigurationPlatforms) = postSolution
		{BC1E0701-6FDD-4D17-8C4B-FE795471A9FE}.Debug|Any CPU.ActiveCfg = Debug|Any CPU
		{BC1E0701-6FDD-4D17-8C4B-FE795471A9FE}.Debug|Any CPU.Build.0 = Debug|Any CPU
		{BC1E0701-6FDD-4D17-8C4B-FE795471A9FE}.Release|Any CPU.ActiveCfg = Release|Any CPU
		{BC1E0701-6FDD-4D17-8C4B-FE795471A9FE}.Release|Any CPU.Build.0 = Release|Any CPU
	EndGlobalSection
	GlobalSection(SolutionProperties) = preSolution
		HideSolutionNode = FALSE
	EndGlobalSection
	GlobalSection(ExtensibilityGlobals) = postSolution
		SolutionGuid = {62DD4CA2-81E8-4235-8586-EE2ACE83288D}
	EndGlobalSection
EndGlobal
